Microsoft Visual Studio Solution File, Format Version 12.00
# Visual Studio Version 17
VisualStudioVersion = 17.5.2.0
MinimumVisualStudioVersion = 10.0.40219.1
Project("{2150E333-8FDC-42A3-9474-1A3956D46DE8}") = "tools", "tools", "{07C2787E-EAC7-C090-1BA3-A61EC2A24D84}"
EndProject
Project("{FAE04EC0-301F-11D3-BF4B-00C04F79EFBC}") = "WathiqBackReset", "tools\WathiqBackReset\WathiqBackReset.csproj", "{D5599FC3-15E2-84AF-77D0-0FDF42F02B93}"
EndProject
Global
	GlobalSection(SolutionConfigurationPlatforms) = preSolution
		Debug|Any CPU = Debug|Any CPU
		Release|Any CPU = Release|Any CPU
	EndGlobalSection
	GlobalSection(ProjectConfigurationPlatforms) = postSolution
		{D5599FC3-15E2-84AF-77D0-0FDF42F02B93}.Debug|Any CPU.ActiveCfg = Debug|Any CPU
		{D5599FC3-15E2-84AF-77D0-0FDF42F02B93}.Debug|Any CPU.Build.0 = Debug|Any CPU
		{D5599FC3-15E2-84AF-77D0-0FDF42F02B93}.Release|Any CPU.ActiveCfg = Release|Any CPU
		{D5599FC3-15E2-84AF-77D0-0FDF42F02B93}.Release|Any CPU.Build.0 = Release|Any CPU
	EndGlobalSection
	GlobalSection(SolutionProperties) = preSolution
		HideSolutionNode = FALSE
	EndGlobalSection
	GlobalSection(NestedProjects) = preSolution
		{D5599FC3-15E2-84AF-77D0-0FDF42F02B93} = {07C2787E-EAC7-C090-1BA3-A61EC2A24D84}
	EndGlobalSection
	GlobalSection(ExtensibilityGlobals) = postSolution
		SolutionGuid = {70B6F46D-11F5-4747-BA20-0B704CE70878}
	EndGlobalSection
EndGlobal
